
Microsoft Visual Studio Solution File, Format Version 12.00
# Visual Studio 15
Project("{FAE04EC0-301F-11D3-BF4B-00C04F79EFBC}") = "Assembly-CSharp", "Assembly-CSharp.csproj", "{69B15064-DA30-578E-899F-18B96775C324}"
EndProject
Project("{FAE04EC0-301F-11D3-BF4B-00C04F79EFBC}") = "Assembly-CSharp-Editor", "Assembly-CSharp-Editor.csproj", "{0B5E6D67-2ED5-8148-492F-6C7E000FFF83}"
EndProject
Global
	GlobalSection(SolutionConfigurationPlatforms) = preSolution
		Debug|Any CPU = Debug|Any CPU
		Release|Any CPU = Release|Any CPU
	EndGlobalSection
	GlobalSection(ProjectConfigurationPlatforms) = postSolution
		{69B15064-DA30-578E-899F-18B96775C324}.Debug|Any CPU.ActiveCfg = Debug|Any CPU
		{69B15064-DA30-578E-899F-18B96775C324}.Debug|Any CPU.Build.0 = Debug|Any CPU
		{69B15064-DA30-578E-899F-18B96775C324}.Release|Any CPU.ActiveCfg = Release|Any CPU
		{69B15064-DA30-578E-899F-18B96775C324}.Release|Any CPU.Build.0 = Release|Any CPU
		{0B5E6D67-2ED5-8148-492F-6C7E000FFF83}.Debug|Any CPU.ActiveCfg = Debug|Any CPU
		{0B5E6D67-2ED5-8148-492F-6C7E000FFF83}.Debug|Any CPU.Build.0 = Debug|Any CPU
		{0B5E6D67-2ED5-8148-492F-6C7E000FFF83}.Release|Any CPU.ActiveCfg = Release|Any CPU
		{0B5E6D67-2ED5-8148-492F-6C7E000FFF83}.Release|Any CPU.Build.0 = Release|Any CPU
	EndGlobalSection
	GlobalSection(SolutionProperties) = preSolution
		HideSolutionNode = FALSE
	EndGlobalSection
EndGlobal
